# This file is automatically @generated by Cargo.
# It is not intended for manual editing.
version = 3

[[package]]
name = "sootmark-common"
version = "0.3.2"
source = "registry+https://github.com/rust-lang/crates.io-index"
checksum = "edd82ca69e758140dc089a1eae16fc466477a48f9097ab3f7d2788ccf6536290"

[[package]]
name = "sootmark-conformance"
version = "0.2.0"
dependencies = [
 "sootmark-model",
]

[[package]]
name = "sootmark-model"
version = "0.2.0"
source = "registry+https://github.com/rust-lang/crates.io-index"
checksum = "a46e3ede178441a9200ec2249aaaec66c92d522a6429a19883158e11578c297d"
dependencies = [
 "sootmark-common",
]
