# This file is automatically @generated by Cargo.
# It is not intended for manual editing.
version = 3

[[package]]
name = "common"
version = "0.3.0"
source = "git+https://github.com/Sootmark/common?tag=v0.3.0#df761c5b0c903b43988e3a8fde5611fac0d0b12a"

[[package]]
name = "conformance"
version = "0.1.3"
dependencies = [
 "model",
]

[[package]]
name = "model"
version = "0.1.2"
source = "git+https://github.com/Sootmark/model?tag=v0.1.2#5f2f128c0392eb6ab95f0fd6464d833fa9ef9997"
dependencies = [
 "common",
]
