# This file is automatically @generated by Cargo.
# It is not intended for manual editing.
version = 3

[[package]]
name = "common"
version = "0.2.0"
source = "git+https://github.com/Sootmark/common?tag=v0.2.0#cad01e32bff7353dfbc17023f21ecb5fc7e153d6"

[[package]]
name = "conformance"
version = "0.1.2"
dependencies = [
 "model",
]

[[package]]
name = "model"
version = "0.1.1"
source = "git+https://github.com/Sootmark/model?tag=v0.1.1#828597185d745cf3b0ea384d160b9d28d83adfb2"
dependencies = [
 "common",
]
